
Microsoft Visual Studio Solution File, Format Version 12.00
Project("{2150E333-8FDC-42A3-9474-1A3956D46DE8}") = "Autofac", "Autofac", "{21AB9D98-23CD-4906-8E08-037042A63818}"
EndProject
Project("{FAE04EC0-301F-11D3-BF4B-00C04F79EFBC}") = "Autofac.AspNetCore", "Autofac\Autofac.AspNetCore\Autofac.AspNetCore.csproj", "{F0CAB873-A4A6-4C41-918A-287B6C4B8C21}"
EndProject
Project("{FAE04EC0-301F-11D3-BF4B-00C04F79EFBC}") = "Autofac.Demo", "Autofac\Autofac.Demo\Autofac.Demo.csproj", "{075F3663-7B6C-4478-8A33-1557260AE77B}"
EndProject
Global
	GlobalSection(SolutionConfigurationPlatforms) = preSolution
		Debug|Any CPU = Debug|Any CPU
		Release|Any CPU = Release|Any CPU
	EndGlobalSection
	GlobalSection(NestedProjects) = preSolution
		{F0CAB873-A4A6-4C41-918A-287B6C4B8C21} = {21AB9D98-23CD-4906-8E08-037042A63818}
		{075F3663-7B6C-4478-8A33-1557260AE77B} = {21AB9D98-23CD-4906-8E08-037042A63818}
	EndGlobalSection
	GlobalSection(ProjectConfigurationPlatforms) = postSolution
		{F0CAB873-A4A6-4C41-918A-287B6C4B8C21}.Debug|Any CPU.ActiveCfg = Debug|Any CPU
		{F0CAB873-A4A6-4C41-918A-287B6C4B8C21}.Debug|Any CPU.Build.0 = Debug|Any CPU
		{F0CAB873-A4A6-4C41-918A-287B6C4B8C21}.Release|Any CPU.ActiveCfg = Release|Any CPU
		{F0CAB873-A4A6-4C41-918A-287B6C4B8C21}.Release|Any CPU.Build.0 = Release|Any CPU
		{075F3663-7B6C-4478-8A33-1557260AE77B}.Debug|Any CPU.ActiveCfg = Debug|Any CPU
		{075F3663-7B6C-4478-8A33-1557260AE77B}.Debug|Any CPU.Build.0 = Debug|Any CPU
		{075F3663-7B6C-4478-8A33-1557260AE77B}.Release|Any CPU.ActiveCfg = Release|Any CPU
		{075F3663-7B6C-4478-8A33-1557260AE77B}.Release|Any CPU.Build.0 = Release|Any CPU
	EndGlobalSection
EndGlobal
